// !$*UTF8*$!
{
	archiveVersion = 1;
	classes = {
	};
	objectVersion = 56;
	objects = {

/* Begin PBXBuildFile section */
		1E18F9792B5FB2CA000D1B60 /* BeeAttentionApp.swift in Sources */ = {isa = PBXBuildFile; fileRef = 1E18F9782B5FB2CA000D1B60 /* BeeAttentionApp.swift */; };
		1E18F97D2B5FB2CB000D1B60 /* Assets.xcassets in Resources */ = {isa = PBXBuildFile; fileRef = 1E18F97C2B5FB2CB000D1B60 /* Assets.xcassets */; };
		1E18F9802B5FB2CB000D1B60 /* Preview Assets.xcassets in Resources */ = {isa = PBXBuildFile; fileRef = 1E18F97F2B5FB2CB000D1B60 /* Preview Assets.xcassets */; };
		7718A14A2B5FBD2700DD816D /* View in Resources */ = {isa = PBXBuildFile; fileRef = 7718A1492B5FBD2700DD816D /* View */; };
		7718A14F2B5FBD9400DD816D /* GameModel.swift in Sources */ = {isa = PBXBuildFile; fileRef = 7718A14E2B5FBD9400DD816D /* GameModel.swift */; };
		7718A1512B5FBDB400DD816D /* LevelModel.swift in Sources */ = {isa = PBXBuildFile; fileRef = 7718A1502B5FBDB400DD816D /* LevelModel.swift */; };
		7718A1532B5FBDD100DD816D /* SessionlModel.swift in Sources */ = {isa = PBXBuildFile; fileRef = 7718A1522B5FBDD100DD816D /* SessionlModel.swift */; };
		7718A1552B5FBE1600DD816D /* WordModel.swift in Sources */ = {isa = PBXBuildFile; fileRef = 7718A1542B5FBE1600DD816D /* WordModel.swift */; };
		7718A1572B5FBEA700DD816D /* GameView.swift in Sources */ = {isa = PBXBuildFile; fileRef = 7718A1562B5FBEA700DD816D /* GameView.swift */; };
		7718A1592B5FBEC000DD816D /* ContentView.swift in Sources */ = {isa = PBXBuildFile; fileRef = 7718A1582B5FBEC000DD816D /* ContentView.swift */; };
		7718A15B2B5FBED300DD816D /* GameLevels.swift in Sources */ = {isa = PBXBuildFile; fileRef = 7718A15A2B5FBED300DD816D /* GameLevels.swift */; };
		7718A15D2B5FBEE600DD816D /* Game2Levels.swift in Sources */ = {isa = PBXBuildFile; fileRef = 7718A15C2B5FBEE600DD816D /* Game2Levels.swift */; };
		7718A15F2B5FBEFE00DD816D /* Game3Levels.swift in Sources */ = {isa = PBXBuildFile; fileRef = 7718A15E2B5FBEFE00DD816D /* Game3Levels.swift */; };
		7718A1612B5FBF1C00DD816D /* Game4Levels.swift in Sources */ = {isa = PBXBuildFile; fileRef = 7718A1602B5FBF1C00DD816D /* Game4Levels.swift */; };
		7718A1632B5FBF9300DD816D /* GameViewModel.swift in Sources */ = {isa = PBXBuildFile; fileRef = 7718A1622B5FBF9300DD816D /* GameViewModel.swift */; };
		7718A1652B5FBFFF00DD816D /* LevelViewModel.swift in Sources */ = {isa = PBXBuildFile; fileRef = 7718A1642B5FBFFF00DD816D /* LevelViewModel.swift */; };
		7718A1672B5FC01800DD816D /* SessionViewModel.swift in Sources */ = {isa = PBXBuildFile; fileRef = 7718A1662B5FC01800DD816D /* SessionViewModel.swift */; };
		7718A1692B5FC1D500DD816D /* CountdownViewModel.swift in Sources */ = {isa = PBXBuildFile; fileRef = 7718A1682B5FC1D500DD816D /* CountdownViewModel.swift */; };
		7718A16B2B5FC2CA00DD816D /* CountdownView.swift in Sources */ = {isa = PBXBuildFile; fileRef = 7718A16A2B5FC2CA00DD816D /* CountdownView.swift */; };
		7718A16D2B5FC6DD00DD816D /* HowToPlayView.swift in Sources */ = {isa = PBXBuildFile; fileRef = 7718A16C2B5FC6DD00DD816D /* HowToPlayView.swift */; };
		7718A16F2B5FC70100DD816D /* NewLevelUnlockedView.swift in Sources */ = {isa = PBXBuildFile; fileRef = 7718A16E2B5FC70100DD816D /* NewLevelUnlockedView.swift */; };
		7718A1712B5FC72100DD816D /* SplashView.swift in Sources */ = {isa = PBXBuildFile; fileRef = 7718A1702B5FC72100DD816D /* SplashView.swift */; };
		7718A1732B5FC73A00DD816D /* TryAgainView.swift in Sources */ = {isa = PBXBuildFile; fileRef = 7718A1722B5FC73A00DD816D /* TryAgainView.swift */; };
		7718A1752B5FC76300DD816D /* WelcomView.swift in Sources */ = {isa = PBXBuildFile; fileRef = 7718A1742B5FC76300DD816D /* WelcomView.swift */; };
/* End PBXBuildFile section */

/* Begin PBXFileReference section */
		1E18F9752B5FB2CA000D1B60 /* BeeAttention.app */ = {isa = PBXFileReference; explicitFileType = wrapper.application; includeInIndex = 0; path = BeeAttention.app; sourceTree = BUILT_PRODUCTS_DIR; };
		1E18F9782B5FB2CA000D1B60 /* BeeAttentionApp.swift */ = {isa = PBXFileReference; lastKnownFileType = sourcecode.swift; path = BeeAttentionApp.swift; sourceTree = "<group>"; };
		1E18F97C2B5FB2CB000D1B60 /* Assets.xcassets */ = {isa = PBXFileReference; lastKnownFileType = folder.assetcatalog; path = Assets.xcassets; sourceTree = "<group>"; };
		1E18F97F2B5FB2CB000D1B60 /* Preview Assets.xcassets */ = {isa = PBXFileReference; lastKnownFileType = folder.assetcatalog; path = "Preview Assets.xcassets"; sourceTree = "<group>"; };
		7718A1492B5FBD2700DD816D /* View */ = {isa = PBXFileReference; lastKnownFileType = folder; name = View; path = ../../../mindfitness/mindfitness/View; sourceTree = "<group>"; };
		7718A14E2B5FBD9400DD816D /* GameModel.swift */ = {isa = PBXFileReference; lastKnownFileType = sourcecode.swift; path = GameModel.swift; sourceTree = "<group>"; };
		7718A1502B5FBDB400DD816D /* LevelModel.swift */ = {isa = PBXFileReference; lastKnownFileType = sourcecode.swift; path = LevelModel.swift; sourceTree = "<group>"; };
		7718A1522B5FBDD100DD816D /* SessionlModel.swift */ = {isa = PBXFileReference; lastKnownFileType = sourcecode.swift; path = SessionlModel.swift; sourceTree = "<group>"; };
		7718A1542B5FBE1600DD816D /* WordModel.swift */ = {isa = PBXFileReference; lastKnownFileType = sourcecode.swift; path = WordModel.swift; sourceTree = "<group>"; };
		7718A1562B5FBEA700DD816D /* GameView.swift */ = {isa = PBXFileReference; lastKnownFileType = sourcecode.swift; path = GameView.swift; sourceTree = "<group>"; };
		7718A1582B5FBEC000DD816D /* ContentView.swift */ = {isa = PBXFileReference; lastKnownFileType = sourcecode.swift; path = ContentView.swift; sourceTree = "<group>"; };
		7718A15A2B5FBED300DD816D /* GameLevels.swift */ = {isa = PBXFileReference; lastKnownFileType = sourcecode.swift; path = GameLevels.swift; sourceTree = "<group>"; };
		7718A15C2B5FBEE600DD816D /* Game2Levels.swift */ = {isa = PBXFileReference; lastKnownFileType = sourcecode.swift; path = Game2Levels.swift; sourceTree = "<group>"; };
		7718A15E2B5FBEFE00DD816D /* Game3Levels.swift */ = {isa = PBXFileReference; lastKnownFileType = sourcecode.swift; path = Game3Levels.swift; sourceTree = "<group>"; };
		7718A1602B5FBF1C00DD816D /* Game4Levels.swift */ = {isa = PBXFileReference; lastKnownFileType = sourcecode.swift; path = Game4Levels.swift; sourceTree = "<group>"; };
		7718A1622B5FBF9300DD816D /* GameViewModel.swift */ = {isa = PBXFileReference; lastKnownFileType = sourcecode.swift; path = GameViewModel.swift; sourceTree = "<group>"; };
		7718A1642B5FBFFF00DD816D /* LevelViewModel.swift */ = {isa = PBXFileReference; lastKnownFileType = sourcecode.swift; path = LevelViewModel.swift; sourceTree = "<group>"; };
		7718A1662B5FC01800DD816D /* SessionViewModel.swift */ = {isa = PBXFileReference; lastKnownFileType = sourcecode.swift; path = SessionViewModel.swift; sourceTree = "<group>"; };
		7718A1682B5FC1D500DD816D /* CountdownViewModel.swift */ = {isa = PBXFileReference; lastKnownFileType = sourcecode.swift; path = CountdownViewModel.swift; sourceTree = "<group>"; };
		7718A16A2B5FC2CA00DD816D /* CountdownView.swift */ = {isa = PBXFileReference; lastKnownFileType = sourcecode.swift; path = CountdownView.swift; sourceTree = "<group>"; };
		7718A16C2B5FC6DD00DD816D /* HowToPlayView.swift */ = {isa = PBXFileReference; lastKnownFileType = sourcecode.swift; path = HowToPlayView.swift; sourceTree = "<group>"; };
		7718A16E2B5FC70100DD816D /* NewLevelUnlockedView.swift */ = {isa = PBXFileReference; lastKnownFileType = sourcecode.swift; path = NewLevelUnlockedView.swift; sourceTree = "<group>"; };
		7718A1702B5FC72100DD816D /* SplashView.swift */ = {isa = PBXFileReference; lastKnownFileType = sourcecode.swift; path = SplashView.swift; sourceTree = "<group>"; };
		7718A1722B5FC73A00DD816D /* TryAgainView.swift */ = {isa = PBXFileReference; lastKnownFileType = sourcecode.swift; path = TryAgainView.swift; sourceTree = "<group>"; };
		7718A1742B5FC76300DD816D /* WelcomView.swift */ = {isa = PBXFileReference; lastKnownFileType = sourcecode.swift; path = WelcomView.swift; sourceTree = "<group>"; };
/* End PBXFileReference section */

/* Begin PBXFrameworksBuildPhase section */
		1E18F9722B5FB2CA000D1B60 /* Frameworks */ = {
			isa = PBXFrameworksBuildPhase;
			buildActionMask = 2147483647;
			files = (
			);
			runOnlyForDeploymentPostprocessing = 0;
		};
/* End PBXFrameworksBuildPhase section */

/* Begin PBXGroup section */
		1E18F96C2B5FB2CA000D1B60 = {
			isa = PBXGroup;
			children = (
				1E18F9772B5FB2CA000D1B60 /* BeeAttention */,
				1E18F9762B5FB2CA000D1B60 /* Products */,
			);
			sourceTree = "<group>";
		};
		1E18F9762B5FB2CA000D1B60 /* Products */ = {
			isa = PBXGroup;
			children = (
				1E18F9752B5FB2CA000D1B60 /* BeeAttention.app */,
			);
			name = Products;
			sourceTree = "<group>";
		};
		1E18F9772B5FB2CA000D1B60 /* BeeAttention */ = {
			isa = PBXGroup;
			children = (
				1E18F9782B5FB2CA000D1B60 /* BeeAttentionApp.swift */,
				7718A14B2B5FBD3D00DD816D /* Views */,
				7718A14C2B5FBD5000DD816D /* ViewModels */,
				7718A14D2B5FBD5D00DD816D /* Models */,
				1E18F97C2B5FB2CB000D1B60 /* Assets.xcassets */,
				1E18F97E2B5FB2CB000D1B60 /* Preview Content */,
			);
			path = BeeAttention;
			sourceTree = "<group>";
		};
		1E18F97E2B5FB2CB000D1B60 /* Preview Content */ = {
			isa = PBXGroup;
			children = (
				7718A1492B5FBD2700DD816D /* View */,
				1E18F97F2B5FB2CB000D1B60 /* Preview Assets.xcassets */,
			);
			path = "Preview Content";
			sourceTree = "<group>";
		};
		7718A14B2B5FBD3D00DD816D /* Views */ = {
			isa = PBXGroup;
			children = (
				7718A1702B5FC72100DD816D /* SplashView.swift */,
				7718A1742B5FC76300DD816D /* WelcomView.swift */,
				7718A1562B5FBEA700DD816D /* GameView.swift */,
				7718A1582B5FBEC000DD816D /* ContentView.swift */,
				7718A15A2B5FBED300DD816D /* GameLevels.swift */,
				7718A15C2B5FBEE600DD816D /* Game2Levels.swift */,
				7718A15E2B5FBEFE00DD816D /* Game3Levels.swift */,
				7718A1602B5FBF1C00DD816D /* Game4Levels.swift */,
				7718A16C2B5FC6DD00DD816D /* HowToPlayView.swift */,
				7718A16E2B5FC70100DD816D /* NewLevelUnlockedView.swift */,
				7718A1722B5FC73A00DD816D /* TryAgainView.swift */,
				7718A16A2B5FC2CA00DD816D /* CountdownView.swift */,
			);
			path = Views;
			sourceTree = "<group>";
		};
		7718A14C2B5FBD5000DD816D /* ViewModels */ = {
			isa = PBXGroup;
			children = (
				7718A1622B5FBF9300DD816D /* GameViewModel.swift */,
				7718A1642B5FBFFF00DD816D /* LevelViewModel.swift */,
				7718A1662B5FC01800DD816D /* SessionViewModel.swift */,
				7718A1682B5FC1D500DD816D /* CountdownViewModel.swift */,
			);
			path = ViewModels;
			sourceTree = "<group>";
		};
		7718A14D2B5FBD5D00DD816D /* Models */ = {
			isa = PBXGroup;
			children = (
				7718A14E2B5FBD9400DD816D /* GameModel.swift */,
				7718A1502B5FBDB400DD816D /* LevelModel.swift */,
				7718A1522B5FBDD100DD816D /* SessionlModel.swift */,
				7718A1542B5FBE1600DD816D /* WordModel.swift */,
			);
			path = Models;
			sourceTree = "<group>";
		};
/* End PBXGroup section */

/* Begin PBXNativeTarget section */
		1E18F9742B5FB2CA000D1B60 /* BeeAttention */ = {
			isa = PBXNativeTarget;
			buildConfigurationList = 1E18F9832B5FB2CB000D1B60 /* Build configuration list for PBXNativeTarget "BeeAttention" */;
			buildPhases = (
				1E18F9712B5FB2CA000D1B60 /* Sources */,
				1E18F9722B5FB2CA000D1B60 /* Frameworks */,
				1E18F9732B5FB2CA000D1B60 /* Resources */,
			);
			buildRules = (
			);
			dependencies = (
			);
			name = BeeAttention;
			productName = BeeAttention;
			productReference = 1E18F9752B5FB2CA000D1B60 /* BeeAttention.app */;
			productType = "com.apple.product-type.application";
		};
/* End PBXNativeTarget section */

/* Begin PBXProject section */
		1E18F96D2B5FB2CA000D1B60 /* Project object */ = {
			isa = PBXProject;
			attributes = {
				BuildIndependentTargetsInParallel = 1;
				LastSwiftUpdateCheck = 1500;
				LastUpgradeCheck = 1500;
				TargetAttributes = {
					1E18F9742B5FB2CA000D1B60 = {
						CreatedOnToolsVersion = 15.0;
					};
				};
			};
			buildConfigurationList = 1E18F9702B5FB2CA000D1B60 /* Build configuration list for PBXProject "BeeAttention" */;
			compatibilityVersion = "Xcode 14.0";
			developmentRegion = en;
			hasScannedForEncodings = 0;
			knownRegions = (
				en,
				Base,
			);
			mainGroup = 1E18F96C2B5FB2CA000D1B60;
			productRefGroup = 1E18F9762B5FB2CA000D1B60 /* Products */;
			projectDirPath = "";
			projectRoot = "";
			targets = (
				1E18F9742B5FB2CA000D1B60 /* BeeAttention */,
			);
		};
/* End PBXProject section */

/* Begin PBXResourcesBuildPhase section */
		1E18F9732B5FB2CA000D1B60 /* Resources */ = {
			isa = PBXResourcesBuildPhase;
			buildActionMask = 2147483647;
			files = (
				1E18F9802B5FB2CB000D1B60 /* Preview Assets.xcassets in Resources */,
				1E18F97D2B5FB2CB000D1B60 /* Assets.xcassets in Resources */,
				7718A14A2B5FBD2700DD816D /* View in Resources */,
			);
			runOnlyForDeploymentPostprocessing = 0;
		};
/* End PBXResourcesBuildPhase section */

/* Begin PBXSourcesBuildPhase section */
		1E18F9712B5FB2CA000D1B60 /* Sources */ = {
			isa = PBXSourcesBuildPhase;
			buildActionMask = 2147483647;
			files = (
				7718A1732B5FC73A00DD816D /* TryAgainView.swift in Sources */,
				7718A1652B5FBFFF00DD816D /* LevelViewModel.swift in Sources */,
				7718A1512B5FBDB400DD816D /* LevelModel.swift in Sources */,
				7718A16B2B5FC2CA00DD816D /* CountdownView.swift in Sources */,
				7718A1692B5FC1D500DD816D /* CountdownViewModel.swift in Sources */,
				7718A1532B5FBDD100DD816D /* SessionlModel.swift in Sources */,
				7718A1752B5FC76300DD816D /* WelcomView.swift in Sources */,
				7718A15F2B5FBEFE00DD816D /* Game3Levels.swift in Sources */,
				7718A15B2B5FBED300DD816D /* GameLevels.swift in Sources */,
				7718A1712B5FC72100DD816D /* SplashView.swift in Sources */,
				7718A1632B5FBF9300DD816D /* GameViewModel.swift in Sources */,
				7718A16D2B5FC6DD00DD816D /* HowToPlayView.swift in Sources */,
				7718A14F2B5FBD9400DD816D /* GameModel.swift in Sources */,
				7718A15D2B5FBEE600DD816D /* Game2Levels.swift in Sources */,
				1E18F9792B5FB2CA000D1B60 /* BeeAttentionApp.swift in Sources */,
				7718A1592B5FBEC000DD816D /* ContentView.swift in Sources */,
				7718A16F2B5FC70100DD816D /* NewLevelUnlockedView.swift in Sources */,
				7718A1552B5FBE1600DD816D /* WordModel.swift in Sources */,
				7718A1612B5FBF1C00DD816D /* Game4Levels.swift in Sources */,
				7718A1572B5FBEA700DD816D /* GameView.swift in Sources */,
				7718A1672B5FC01800DD816D /* SessionViewModel.swift in Sources */,
			);
			runOnlyForDeploymentPostprocessing = 0;
		};
/* End PBXSourcesBuildPhase section */

/* Begin XCBuildConfiguration section */
		1E18F9812B5FB2CB000D1B60 /* Debug */ = {
			isa = XCBuildConfiguration;
			buildSettings = {
				ALWAYS_SEARCH_USER_PATHS = NO;
				ASSETCATALOG_COMPILER_GENERATE_SWIFT_ASSET_SYMBOL_EXTENSIONS = YES;
				CLANG_ANALYZER_NONNULL = YES;
				CLANG_ANALYZER_NUMBER_OBJECT_CONVERSION = YES_AGGRESSIVE;
				CLANG_CXX_LANGUAGE_STANDARD = "gnu++20";
				CLANG_ENABLE_MODULES = YES;
				CLANG_ENABLE_OBJC_ARC = YES;
				CLANG_ENABLE_OBJC_WEAK = YES;
				CLANG_WARN_BLOCK_CAPTURE_AUTORELEASING = YES;
				CLANG_WARN_BOOL_CONVERSION = YES;
				CLANG_WARN_COMMA = YES;
				CLANG_WARN_CONSTANT_CONVERSION = YES;
				CLANG_WARN_DEPRECATED_OBJC_IMPLEMENTATIONS = YES;
				CLANG_WARN_DIRECT_OBJC_ISA_USAGE = YES_ERROR;
				CLANG_WARN_DOCUMENTATION_COMMENTS = YES;
				CLANG_WARN_EMPTY_BODY = YES;
				CLANG_WARN_ENUM_CONVERSION = YES;
				CLANG_WARN_INFINITE_RECURSION = YES;
				CLANG_WARN_INT_CONVERSION = YES;
				CLANG_WARN_NON_LITERAL_NULL_CONVERSION = YES;
				CLANG_WARN_OBJC_IMPLICIT_RETAIN_SELF = YES;
				CLANG_WARN_OBJC_LITERAL_CONVERSION = YES;
				CLANG_WARN_OBJC_ROOT_CLASS = YES_ERROR;
				CLANG_WARN_QUOTED_INCLUDE_IN_FRAMEWORK_HEADER = YES;
				CLANG_WARN_RANGE_LOOP_ANALYSIS = YES;
				CLANG_WARN_STRICT_PROTOTYPES = YES;
				CLANG_WARN_SUSPICIOUS_MOVE = YES;
				CLANG_WARN_UNGUARDED_AVAILABILITY = YES_AGGRESSIVE;
				CLANG_WARN_UNREACHABLE_CODE = YES;
				CLANG_WARN__DUPLICATE_METHOD_MATCH = YES;
				COPY_PHASE_STRIP = NO;
				DEBUG_INFORMATION_FORMAT = dwarf;
				ENABLE_STRICT_OBJC_MSGSEND = YES;
				ENABLE_TESTABILITY = YES;
				ENABLE_USER_SCRIPT_SANDBOXING = YES;
				GCC_C_LANGUAGE_STANDARD = gnu17;
				GCC_DYNAMIC_NO_PIC = NO;
				GCC_NO_COMMON_BLOCKS = YES;
				GCC_OPTIMIZATION_LEVEL = 0;
				GCC_PREPROCESSOR_DEFINITIONS = (
					"DEBUG=1",
					"$(inherited)",
				);
				GCC_WARN_64_TO_32_BIT_CONVERSION = YES;
				GCC_WARN_ABOUT_RETURN_TYPE = YES_ERROR;
				GCC_WARN_UNDECLARED_SELECTOR = YES;
				GCC_WARN_UNINITIALIZED_AUTOS = YES_AGGRESSIVE;
				GCC_WARN_UNUSED_FUNCTION = YES;
				GCC_WARN_UNUSED_VARIABLE = YES;
				IPHONEOS_DEPLOYMENT_TARGET = 17.0;
				LOCALIZATION_PREFERS_STRING_CATALOGS = YES;
				MTL_ENABLE_DEBUG_INFO = INCLUDE_SOURCE;
				MTL_FAST_MATH = YES;
				ONLY_ACTIVE_ARCH = YES;
				SDKROOT = iphoneos;
				SWIFT_ACTIVE_COMPILATION_CONDITIONS = "DEBUG $(inherited)";
				SWIFT_OPTIMIZATION_LEVEL = "-Onone";
			};
			name = Debug;
		};
		1E18F9822B5FB2CB000D1B60 /* Release */ = {
			isa = XCBuildConfiguration;
			buildSettings = {
				ALWAYS_SEARCH_USER_PATHS = NO;
				ASSETCATALOG_COMPILER_GENERATE_SWIFT_ASSET_SYMBOL_EXTENSIONS = YES;
				CLANG_ANALYZER_NONNULL = YES;
				CLANG_ANALYZER_NUMBER_OBJECT_CONVERSION = YES_AGGRESSIVE;
				CLANG_CXX_LANGUAGE_STANDARD = "gnu++20";
				CLANG_ENABLE_MODULES = YES;
				CLANG_ENABLE_OBJC_ARC = YES;
				CLANG_ENABLE_OBJC_WEAK = YES;
				CLANG_WARN_BLOCK_CAPTURE_AUTORELEASING = YES;
				CLANG_WARN_BOOL_CONVERSION = YES;
				CLANG_WARN_COMMA = YES;
				CLANG_WARN_CONSTANT_CONVERSION = YES;
				CLANG_WARN_DEPRECATED_OBJC_IMPLEMENTATIONS = YES;
				CLANG_WARN_DIRECT_OBJC_ISA_USAGE = YES_ERROR;
				CLANG_WARN_DOCUMENTATION_COMMENTS = YES;
				CLANG_WARN_EMPTY_BODY = YES;
				CLANG_WARN_ENUM_CONVERSION = YES;
				CLANG_WARN_INFINITE_RECURSION = YES;
				CLANG_WARN_INT_CONVERSION = YES;
				CLANG_WARN_NON_LITERAL_NULL_CONVERSION = YES;
				CLANG_WARN_OBJC_IMPLICIT_RETAIN_SELF = YES;
				CLANG_WARN_OBJC_LITERAL_CONVERSION = YES;
				CLANG_WARN_OBJC_ROOT_CLASS = YES_ERROR;
				CLANG_WARN_QUOTED_INCLUDE_IN_FRAMEWORK_HEADER = YES;
				CLANG_WARN_RANGE_LOOP_ANALYSIS = YES;
				CLANG_WARN_STRICT_PROTOTYPES = YES;
				CLANG_WARN_SUSPICIOUS_MOVE = YES;
				CLANG_WARN_UNGUARDED_AVAILABILITY = YES_AGGRESSIVE;
				CLANG_WARN_UNREACHABLE_CODE = YES;
				CLANG_WARN__DUPLICATE_METHOD_MATCH = YES;
				COPY_PHASE_STRIP = NO;
				DEBUG_INFORMATION_FORMAT = "dwarf-with-dsym";
				ENABLE_NS_ASSERTIONS = NO;
				ENABLE_STRICT_OBJC_MSGSEND = YES;
				ENABLE_USER_SCRIPT_SANDBOXING = YES;
				GCC_C_LANGUAGE_STANDARD = gnu17;
				GCC_NO_COMMON_BLOCKS = YES;
				GCC_WARN_64_TO_32_BIT_CONVERSION = YES;
				GCC_WARN_ABOUT_RETURN_TYPE = YES_ERROR;
				GCC_WARN_UNDECLARED_SELECTOR = YES;
				GCC_WARN_UNINITIALIZED_AUTOS = YES_AGGRESSIVE;
				GCC_WARN_UNUSED_FUNCTION = YES;
				GCC_WARN_UNUSED_VARIABLE = YES;
				IPHONEOS_DEPLOYMENT_TARGET = 17.0;
				LOCALIZATION_PREFERS_STRING_CATALOGS = YES;
				MTL_ENABLE_DEBUG_INFO = NO;
				MTL_FAST_MATH = YES;
				SDKROOT = iphoneos;
				SWIFT_COMPILATION_MODE = wholemodule;
				VALIDATE_PRODUCT = YES;
			};
			name = Release;
		};
		1E18F9842B5FB2CB000D1B60 /* Debug */ = {
			isa = XCBuildConfiguration;
			buildSettings = {
				ASSETCATALOG_COMPILER_APPICON_NAME = AppIcon;
				ASSETCATALOG_COMPILER_GLOBAL_ACCENT_COLOR_NAME = AccentColor;
				CODE_SIGN_STYLE = Automatic;
				CURRENT_PROJECT_VERSION = 1;
				DEVELOPMENT_ASSET_PATHS = "\"BeeAttention/Preview Content\"";
				ENABLE_PREVIEWS = YES;
				GENERATE_INFOPLIST_FILE = YES;
				INFOPLIST_KEY_UIApplicationSceneManifest_Generation = YES;
				INFOPLIST_KEY_UIApplicationSupportsIndirectInputEvents = YES;
				INFOPLIST_KEY_UILaunchScreen_Generation = YES;
				INFOPLIST_KEY_UISupportedInterfaceOrientations_iPad = "UIInterfaceOrientationPortrait UIInterfaceOrientationPortraitUpsideDown UIInterfaceOrientationLandscapeLeft UIInterfaceOrientationLandscapeRight";
				INFOPLIST_KEY_UISupportedInterfaceOrientations_iPhone = "UIInterfaceOrientationPortrait UIInterfaceOrientationLandscapeLeft UIInterfaceOrientationLandscapeRight";
				LD_RUNPATH_SEARCH_PATHS = (
					"$(inherited)",
					"@executable_path/Frameworks",
				);
				MARKETING_VERSION = 1.0;
				PRODUCT_BUNDLE_IDENTIFIER = twq.BeeAttention;
				PRODUCT_NAME = "$(TARGET_NAME)";
				SWIFT_EMIT_LOC_STRINGS = YES;
				SWIFT_VERSION = 5.0;
				TARGETED_DEVICE_FAMILY = "1,2";
			};
			name = Debug;
		};
		1E18F9852B5FB2CB000D1B60 /* Release */ = {
			isa = XCBuildConfiguration;
			buildSettings = {
				ASSETCATALOG_COMPILER_APPICON_NAME = AppIcon;
				ASSETCATALOG_COMPILER_GLOBAL_ACCENT_COLOR_NAME = AccentColor;
				CODE_SIGN_STYLE = Automatic;
				CURRENT_PROJECT_VERSION = 1;
				DEVELOPMENT_ASSET_PATHS = "\"BeeAttention/Preview Content\"";
				ENABLE_PREVIEWS = YES;
				GENERATE_INFOPLIST_FILE = YES;
				INFOPLIST_KEY_UIApplicationSceneManifest_Generation = YES;
				INFOPLIST_KEY_UIApplicationSupportsIndirectInputEvents = YES;
				INFOPLIST_KEY_UILaunchScreen_Generation = YES;
				INFOPLIST_KEY_UISupportedInterfaceOrientations_iPad = "UIInterfaceOrientationPortrait UIInterfaceOrientationPortraitUpsideDown UIInterfaceOrientationLandscapeLeft UIInterfaceOrientationLandscapeRight";
				INFOPLIST_KEY_UISupportedInterfaceOrientations_iPhone = "UIInterfaceOrientationPortrait UIInterfaceOrientationLandscapeLeft UIInterfaceOrientationLandscapeRight";
				LD_RUNPATH_SEARCH_PATHS = (
					"$(inherited)",
					"@executable_path/Frameworks",
				);
				MARKETING_VERSION = 1.0;
				PRODUCT_BUNDLE_IDENTIFIER = twq.BeeAttention;
				PRODUCT_NAME = "$(TARGET_NAME)";
				SWIFT_EMIT_LOC_STRINGS = YES;
				SWIFT_VERSION = 5.0;
				TARGETED_DEVICE_FAMILY = "1,2";
			};
			name = Release;
		};
/* End XCBuildConfiguration section */

/* Begin XCConfigurationList section */
		1E18F9702B5FB2CA000D1B60 /* Build configuration list for PBXProject "BeeAttention" */ = {
			isa = XCConfigurationList;
			buildConfigurations = (
				1E18F9812B5FB2CB000D1B60 /* Debug */,
				1E18F9822B5FB2CB000D1B60 /* Release */,
			);
			defaultConfigurationIsVisible = 0;
			defaultConfigurationName = Release;
		};
		1E18F9832B5FB2CB000D1B60 /* Build configuration list for PBXNativeTarget "BeeAttention" */ = {
			isa = XCConfigurationList;
			buildConfigurations = (
				1E18F9842B5FB2CB000D1B60 /* Debug */,
				1E18F9852B5FB2CB000D1B60 /* Release */,
			);
			defaultConfigurationIsVisible = 0;
			defaultConfigurationName = Release;
		};
/* End XCConfigurationList section */
	};
	rootObject = 1E18F96D2B5FB2CA000D1B60 /* Project object */;
}
